
Microsoft Visual Studio Solution File, Format Version 12.00
# Visual Studio Version 17
VisualStudioVersion = 17.9.34728.123
MinimumVisualStudioVersion = 10.0.40219.1
Project("{2150E333-8FDC-42A3-9474-1A3956D46DE8}") = "Services", "Services", "{C943DF83-2F00-433E-9A69-7ACDCBB96D95}"
EndProject
Project("{2150E333-8FDC-42A3-9474-1A3956D46DE8}") = "Catalog", "Catalog", "{315D5070-A8D9-4A7E-9279-6AEB4441A6EF}"
EndProject
Project("{9A19103F-16F7-4668-BE54-9A1E7A4F7556}") = "Catalog.API", "Services\Catalog\Catalog.API\Catalog.API.csproj", "{AE1F0C05-059B-49EB-B6FD-D09FEAD422FF}"
EndProject
Project("{2150E333-8FDC-42A3-9474-1A3956D46DE8}") = "BuildingBlocks", "BuildingBlocks", "{3F007A38-D987-4C20-9CDC-55B7012AB1DA}"
EndProject
Project("{9A19103F-16F7-4668-BE54-9A1E7A4F7556}") = "BuildingBlocks", "BuildingBlocks\BuildingBlocks.csproj", "{1971F059-7E2A-47E7-A90A-1DD6270481D9}"
EndProject
Project("{E53339B2-1760-4266-BCC7-CA923CBCF16C}") = "docker-compose", "docker-compose.dcproj", "{20DEE8E0-E76D-4D82-A1FF-B48EA73939DC}"
EndProject
Project("{2150E333-8FDC-42A3-9474-1A3956D46DE8}") = "Basket", "Basket", "{EF4DEB2B-0377-405B-A2BC-2D8D9DE8BFBD}"
EndProject
Project("{9A19103F-16F7-4668-BE54-9A1E7A4F7556}") = "Basket.API", "Services\Basket\Basket.API\Basket.API.csproj", "{B362D8F8-CDBC-4B98-85BF-687ADC9AE04B}"
EndProject
Project("{2150E333-8FDC-42A3-9474-1A3956D46DE8}") = "Discount", "Discount", "{7FBC99CB-5EF3-47A2-8F99-817767D9C392}"
EndProject
Project("{9A19103F-16F7-4668-BE54-9A1E7A4F7556}") = "Discount.Grpc", "Services\Discount\Discount.Grpc\Discount.Grpc.csproj", "{6C4C4FB0-3ADE-4DD9-9113-922802974706}"
EndProject
Project("{2150E333-8FDC-42A3-9474-1A3956D46DE8}") = "Ordering", "Ordering", "{DB18B6EB-2244-44AE-9116-F15691075C9E}"
EndProject
Project("{9A19103F-16F7-4668-BE54-9A1E7A4F7556}") = "Ordering.API", "Services\Ordering\Ordering.API\Ordering.API.csproj", "{E6CD515D-3E6E-4794-AB76-8AADD405F73B}"
EndProject
Project("{9A19103F-16F7-4668-BE54-9A1E7A4F7556}") = "Ordering.Domain", "Services\Ordering\Ordering.Domain\Ordering.Domain.csproj", "{B5C7BF38-21AA-46DA-8917-E8E4DEA1E516}"
EndProject
Project("{9A19103F-16F7-4668-BE54-9A1E7A4F7556}") = "Ordering.Application", "Services\Ordering\Ordering.Application\Ordering.Application.csproj", "{6D165250-282B-4B8C-8F64-F20CDE6EA3D2}"
EndProject
Project("{9A19103F-16F7-4668-BE54-9A1E7A4F7556}") = "Ordering.Infrastructure", "Services\Ordering\Ordering.Infrastructure\Ordering.Infrastructure.csproj", "{15FB4FE3-B761-4032-B2FA-318E98737BCB}"
EndProject
Project("{FAE04EC0-301F-11D3-BF4B-00C04F79EFBC}") = "BuildingBlocks.Messaging", "..\BuildingBlocks\BuildingBlocks.Messaging\BuildingBlocks.Messaging.csproj", "{F5CC6D68-7669-4D07-B6A9-BDB715A6CD2C}"
EndProject
Global
	GlobalSection(SolutionConfigurationPlatforms) = preSolution
		Debug|Any CPU = Debug|Any CPU
		Release|Any CPU = Release|Any CPU
	EndGlobalSection
	GlobalSection(ProjectConfigurationPlatforms) = postSolution
		{AE1F0C05-059B-49EB-B6FD-D09FEAD422FF}.Debug|Any CPU.ActiveCfg = Debug|Any CPU
		{AE1F0C05-059B-49EB-B6FD-D09FEAD422FF}.Debug|Any CPU.Build.0 = Debug|Any CPU
		{AE1F0C05-059B-49EB-B6FD-D09FEAD422FF}.Release|Any CPU.ActiveCfg = Release|Any CPU
		{AE1F0C05-059B-49EB-B6FD-D09FEAD422FF}.Release|Any CPU.Build.0 = Release|Any CPU
		{1971F059-7E2A-47E7-A90A-1DD6270481D9}.Debug|Any CPU.ActiveCfg = Debug|Any CPU
		{1971F059-7E2A-47E7-A90A-1DD6270481D9}.Debug|Any CPU.Build.0 = Debug|Any CPU
		{1971F059-7E2A-47E7-A90A-1DD6270481D9}.Release|Any CPU.ActiveCfg = Release|Any CPU
		{1971F059-7E2A-47E7-A90A-1DD6270481D9}.Release|Any CPU.Build.0 = Release|Any CPU
		{20DEE8E0-E76D-4D82-A1FF-B48EA73939DC}.Debug|Any CPU.ActiveCfg = Debug|Any CPU
		{20DEE8E0-E76D-4D82-A1FF-B48EA73939DC}.Debug|Any CPU.Build.0 = Debug|Any CPU
		{20DEE8E0-E76D-4D82-A1FF-B48EA73939DC}.Release|Any CPU.ActiveCfg = Release|Any CPU
		{20DEE8E0-E76D-4D82-A1FF-B48EA73939DC}.Release|Any CPU.Build.0 = Release|Any CPU
		{B362D8F8-CDBC-4B98-85BF-687ADC9AE04B}.Debug|Any CPU.ActiveCfg = Debug|Any CPU
		{B362D8F8-CDBC-4B98-85BF-687ADC9AE04B}.Debug|Any CPU.Build.0 = Debug|Any CPU
		{B362D8F8-CDBC-4B98-85BF-687ADC9AE04B}.Release|Any CPU.ActiveCfg = Release|Any CPU
		{B362D8F8-CDBC-4B98-85BF-687ADC9AE04B}.Release|Any CPU.Build.0 = Release|Any CPU
		{6C4C4FB0-3ADE-4DD9-9113-922802974706}.Debug|Any CPU.ActiveCfg = Debug|Any CPU
		{6C4C4FB0-3ADE-4DD9-9113-922802974706}.Debug|Any CPU.Build.0 = Debug|Any CPU
		{6C4C4FB0-3ADE-4DD9-9113-922802974706}.Release|Any CPU.ActiveCfg = Release|Any CPU
		{6C4C4FB0-3ADE-4DD9-9113-922802974706}.Release|Any CPU.Build.0 = Release|Any CPU
		{E6CD515D-3E6E-4794-AB76-8AADD405F73B}.Debug|Any CPU.ActiveCfg = Debug|Any CPU
		{E6CD515D-3E6E-4794-AB76-8AADD405F73B}.Debug|Any CPU.Build.0 = Debug|Any CPU
		{E6CD515D-3E6E-4794-AB76-8AADD405F73B}.Release|Any CPU.ActiveCfg = Release|Any CPU
		{E6CD515D-3E6E-4794-AB76-8AADD405F73B}.Release|Any CPU.Build.0 = Release|Any CPU
		{B5C7BF38-21AA-46DA-8917-E8E4DEA1E516}.Debug|Any CPU.ActiveCfg = Debug|Any CPU
		{B5C7BF38-21AA-46DA-8917-E8E4DEA1E516}.Debug|Any CPU.Build.0 = Debug|Any CPU
		{B5C7BF38-21AA-46DA-8917-E8E4DEA1E516}.Release|Any CPU.ActiveCfg = Release|Any CPU
		{B5C7BF38-21AA-46DA-8917-E8E4DEA1E516}.Release|Any CPU.Build.0 = Release|Any CPU
		{6D165250-282B-4B8C-8F64-F20CDE6EA3D2}.Debug|Any CPU.ActiveCfg = Debug|Any CPU
		{6D165250-282B-4B8C-8F64-F20CDE6EA3D2}.Debug|Any CPU.Build.0 = Debug|Any CPU
		{6D165250-282B-4B8C-8F64-F20CDE6EA3D2}.Release|Any CPU.ActiveCfg = Release|Any CPU
		{6D165250-282B-4B8C-8F64-F20CDE6EA3D2}.Release|Any CPU.Build.0 = Release|Any CPU
		{15FB4FE3-B761-4032-B2FA-318E98737BCB}.Debug|Any CPU.ActiveCfg = Debug|Any CPU
		{15FB4FE3-B761-4032-B2FA-318E98737BCB}.Debug|Any CPU.Build.0 = Debug|Any CPU
		{15FB4FE3-B761-4032-B2FA-318E98737BCB}.Release|Any CPU.ActiveCfg = Release|Any CPU
		{15FB4FE3-B761-4032-B2FA-318E98737BCB}.Release|Any CPU.Build.0 = Release|Any CPU
		{F5CC6D68-7669-4D07-B6A9-BDB715A6CD2C}.Debug|Any CPU.ActiveCfg = Debug|Any CPU
		{F5CC6D68-7669-4D07-B6A9-BDB715A6CD2C}.Debug|Any CPU.Build.0 = Debug|Any CPU
		{F5CC6D68-7669-4D07-B6A9-BDB715A6CD2C}.Release|Any CPU.ActiveCfg = Release|Any CPU
		{F5CC6D68-7669-4D07-B6A9-BDB715A6CD2C}.Release|Any CPU.Build.0 = Release|Any CPU
	EndGlobalSection
	GlobalSection(SolutionProperties) = preSolution
		HideSolutionNode = FALSE
	EndGlobalSection
	GlobalSection(NestedProjects) = preSolution
		{315D5070-A8D9-4A7E-9279-6AEB4441A6EF} = {C943DF83-2F00-433E-9A69-7ACDCBB96D95}
		{AE1F0C05-059B-49EB-B6FD-D09FEAD422FF} = {315D5070-A8D9-4A7E-9279-6AEB4441A6EF}
		{1971F059-7E2A-47E7-A90A-1DD6270481D9} = {3F007A38-D987-4C20-9CDC-55B7012AB1DA}
		{EF4DEB2B-0377-405B-A2BC-2D8D9DE8BFBD} = {C943DF83-2F00-433E-9A69-7ACDCBB96D95}
		{B362D8F8-CDBC-4B98-85BF-687ADC9AE04B} = {EF4DEB2B-0377-405B-A2BC-2D8D9DE8BFBD}
		{7FBC99CB-5EF3-47A2-8F99-817767D9C392} = {C943DF83-2F00-433E-9A69-7ACDCBB96D95}
		{6C4C4FB0-3ADE-4DD9-9113-922802974706} = {7FBC99CB-5EF3-47A2-8F99-817767D9C392}
		{DB18B6EB-2244-44AE-9116-F15691075C9E} = {C943DF83-2F00-433E-9A69-7ACDCBB96D95}
		{E6CD515D-3E6E-4794-AB76-8AADD405F73B} = {DB18B6EB-2244-44AE-9116-F15691075C9E}
		{B5C7BF38-21AA-46DA-8917-E8E4DEA1E516} = {DB18B6EB-2244-44AE-9116-F15691075C9E}
		{6D165250-282B-4B8C-8F64-F20CDE6EA3D2} = {DB18B6EB-2244-44AE-9116-F15691075C9E}
		{15FB4FE3-B761-4032-B2FA-318E98737BCB} = {DB18B6EB-2244-44AE-9116-F15691075C9E}
		{F5CC6D68-7669-4D07-B6A9-BDB715A6CD2C} = {3F007A38-D987-4C20-9CDC-55B7012AB1DA}
	EndGlobalSection
	GlobalSection(ExtensibilityGlobals) = postSolution
		SolutionGuid = {845C55A2-2AD6-4639-86C2-11DA083FD96D}
	EndGlobalSection
EndGlobal
